
Microsoft Visual Studio Solution File, Format Version 12.00
# Visual Studio Version 16
VisualStudioVersion = 16.0.28803.352
MinimumVisualStudioVersion = 10.0.40219.1
Project("{FAE04EC0-301F-11D3-BF4B-00C04F79EFBC}") = "DeelnemersLijstBeheer", "DeelnemersLijstBeheer\DeelnemersLijstBeheer.csproj", "{04457169-48CF-4545-A476-AAB9E78F463E}"
EndProject
Global
	GlobalSection(SolutionConfigurationPlatforms) = preSolution
		Debug|Any CPU = Debug|Any CPU
		Release|Any CPU = Release|Any CPU
	EndGlobalSection
	GlobalSection(ProjectConfigurationPlatforms) = postSolution
		{04457169-48CF-4545-A476-AAB9E78F463E}.Debug|Any CPU.ActiveCfg = Debug|Any CPU
		{04457169-48CF-4545-A476-AAB9E78F463E}.Debug|Any CPU.Build.0 = Debug|Any CPU
		{04457169-48CF-4545-A476-AAB9E78F463E}.Release|Any CPU.ActiveCfg = Release|Any CPU
		{04457169-48CF-4545-A476-AAB9E78F463E}.Release|Any CPU.Build.0 = Release|Any CPU
	EndGlobalSection
	GlobalSection(SolutionProperties) = preSolution
		HideSolutionNode = FALSE
	EndGlobalSection
	GlobalSection(ExtensibilityGlobals) = postSolution
		SolutionGuid = {7ACC39F8-2E0A-4FA2-A2A7-4A355B9ECC19}
	EndGlobalSection
EndGlobal
